{
  "name": "Web2-Project",
  "lockfileVersion": 2,
  "requires": true,
  "packages": {
    "": {
      "dependencies": {
        "@angular/animations": "^12.0.1",
        "@types/gapi": "^0.0.39",
        "@types/gapi.auth2": "^0.0.54",
        "ngx-toastr": "^14.0.0"
      }
    },
    "node_modules/@angular/animations": {
      "version": "12.0.1",
      "resolved": "https://registry.npmjs.org/@angular/animations/-/animations-12.0.1.tgz",
      "integrity": "sha512-hgmM2pAxiwYgPzDeAFE2C1x43pHpD9tuVCeccL9SOMTMWmCvAuO8SeSaRYCQPP1Y8QQgL1YHqvYMoMfYuFM87Q==",
      "dependencies": {
        "tslib": "^2.1.0"
      },
      "engines": {
        "node": "^12.14.1 || ^14.0.0"
      },
      "peerDependencies": {
        "@angular/core": "12.0.1"
      }
    },
    "node_modules/@types/gapi": {
      "version": "0.0.39",
      "resolved": "https://registry.npmjs.org/@types/gapi/-/gapi-0.0.39.tgz",
      "integrity": "sha512-R1TZeZbvvbIC60DBJMhuOEivQHzOQtzl3uMDOOENTYQTSSDB6oEMpJo8HVPOTWivdUTbyEcB5qQOVr/JCKRlCQ=="
    },
    "node_modules/@types/gapi.auth2": {
      "version": "0.0.54",
      "resolved": "https://registry.npmjs.org/@types/gapi.auth2/-/gapi.auth2-0.0.54.tgz",
      "integrity": "sha512-4HEphaKsGndb9+tnd2PBBmxloaij04iYXVsjgHpFxqbPFt5Le6pasoh5g5BEtwp/YEm9xDbzssp44BYR2/7RcQ==",
      "dependencies": {
        "@types/gapi": "*"
      }
    },
    "node_modules/ngx-toastr": {
      "version": "14.0.0",
      "resolved": "https://registry.npmjs.org/ngx-toastr/-/ngx-toastr-14.0.0.tgz",
      "integrity": "sha512-dnDzSY73pF6FvNyxdh6ftfvXvUg6SU7MAT3orPUCzA77t3ZcFslro06zk4NCA2g67RF7dBwM0OJ/y0SN6fdGYw==",
      "dependencies": {
        "tslib": "^2.1.0"
      },
      "peerDependencies": {
        "@angular/common": ">=12.0.0-0",
        "@angular/core": ">=12.0.0-0",
        "@angular/platform-browser": ">=12.0.0-0"
      }
    },
    "node_modules/tslib": {
      "version": "2.2.0",
      "resolved": "https://registry.npmjs.org/tslib/-/tslib-2.2.0.tgz",
      "integrity": "sha512-gS9GVHRU+RGn5KQM2rllAlR3dU6m7AcpJKdtH8gFvQiC4Otgk98XnmMU+nZenHt/+VhnBPWwgrJsyrdcw6i23w=="
    }
  },
  "dependencies": {
    "@angular/animations": {
      "version": "12.0.1",
      "resolved": "https://registry.npmjs.org/@angular/animations/-/animations-12.0.1.tgz",
      "integrity": "sha512-hgmM2pAxiwYgPzDeAFE2C1x43pHpD9tuVCeccL9SOMTMWmCvAuO8SeSaRYCQPP1Y8QQgL1YHqvYMoMfYuFM87Q==",
      "requires": {
        "tslib": "^2.1.0"
      }
    },
    "@types/gapi": {
      "version": "0.0.39",
      "resolved": "https://registry.npmjs.org/@types/gapi/-/gapi-0.0.39.tgz",
      "integrity": "sha512-R1TZeZbvvbIC60DBJMhuOEivQHzOQtzl3uMDOOENTYQTSSDB6oEMpJo8HVPOTWivdUTbyEcB5qQOVr/JCKRlCQ=="
    },
    "@types/gapi.auth2": {
      "version": "0.0.54",
      "resolved": "https://registry.npmjs.org/@types/gapi.auth2/-/gapi.auth2-0.0.54.tgz",
      "integrity": "sha512-4HEphaKsGndb9+tnd2PBBmxloaij04iYXVsjgHpFxqbPFt5Le6pasoh5g5BEtwp/YEm9xDbzssp44BYR2/7RcQ==",
      "requires": {
        "@types/gapi": "*"
      }
    },
    "ngx-toastr": {
      "version": "14.0.0",
      "resolved": "https://registry.npmjs.org/ngx-toastr/-/ngx-toastr-14.0.0.tgz",
      "integrity": "sha512-dnDzSY73pF6FvNyxdh6ftfvXvUg6SU7MAT3orPUCzA77t3ZcFslro06zk4NCA2g67RF7dBwM0OJ/y0SN6fdGYw==",
      "requires": {
        "tslib": "^2.1.0"
      }
    },
    "tslib": {
      "version": "2.2.0",
      "resolved": "https://registry.npmjs.org/tslib/-/tslib-2.2.0.tgz",
      "integrity": "sha512-gS9GVHRU+RGn5KQM2rllAlR3dU6m7AcpJKdtH8gFvQiC4Otgk98XnmMU+nZenHt/+VhnBPWwgrJsyrdcw6i23w=="
    }
  }
}
