
Microsoft Visual Studio Solution File, Format Version 12.00
# Visual Studio Version 16
VisualStudioVersion = 16.0.31205.134
MinimumVisualStudioVersion = 10.0.40219.1
Project("{9A19103F-16F7-4668-BE54-9A1E7A4F7556}") = "DistributionSmartEnergyBackApp", "DistributionSmartEnergyBackApp\DistributionSmartEnergyBackApp.csproj", "{8ABC546F-AB18-4FD5-A2D6-2B96E066697D}"
EndProject
Project("{2150E333-8FDC-42A3-9474-1A3956D46DE8}") = "UserMicroservice", "UserMicroservice", "{7FFB90A0-D3A5-40B5-8417-7DAC60480355}"
EndProject
Project("{9A19103F-16F7-4668-BE54-9A1E7A4F7556}") = "DistributionSmartEnergyUserMicroservice", "DistributionSmartEnergyUserMicroservice\DistributionSmartEnergyUserMicroservice.csproj", "{4231A309-12B4-4940-8BA5-DAE1F2F49D4A}"
EndProject
Project("{2150E333-8FDC-42A3-9474-1A3956D46DE8}") = "DocumentsMicroservice", "DocumentsMicroservice", "{C67D5C15-7D84-44D5-8AFA-E2809CED79A2}"
EndProject
Project("{E53339B2-1760-4266-BCC7-CA923CBCF16C}") = "docker-compose", "docker-compose.dcproj", "{AEEEB338-AB61-4FD7-841B-2D8267B6AEE9}"
EndProject
Project("{2150E333-8FDC-42A3-9474-1A3956D46DE8}") = "API gateway", "API gateway", "{13F9E20E-F7CA-4FDE-8A29-F5DBB7ECDC7C}"
EndProject
Project("{9A19103F-16F7-4668-BE54-9A1E7A4F7556}") = "API gateway", "..\API gateway\API gateway.csproj", "{34416FF7-F48B-4D80-B567-5A6E7404498E}"
EndProject
Project("{2150E333-8FDC-42A3-9474-1A3956D46DE8}") = "NotificationsMicroservice", "NotificationsMicroservice", "{D580777F-C5F7-45DE-A74A-ED87EE80C8A0}"
EndProject
Project("{FAE04EC0-301F-11D3-BF4B-00C04F79EFBC}") = "NotificationMicroservice", "NotificationMicroservice\NotificationMicroservice.csproj", "{CF9BA695-E96B-4574-B671-DA73C5BFBAA5}"
EndProject
Global
	GlobalSection(SolutionConfigurationPlatforms) = preSolution
		Debug|Any CPU = Debug|Any CPU
		Release|Any CPU = Release|Any CPU
	EndGlobalSection
	GlobalSection(ProjectConfigurationPlatforms) = postSolution
		{8ABC546F-AB18-4FD5-A2D6-2B96E066697D}.Debug|Any CPU.ActiveCfg = Debug|Any CPU
		{8ABC546F-AB18-4FD5-A2D6-2B96E066697D}.Debug|Any CPU.Build.0 = Debug|Any CPU
		{8ABC546F-AB18-4FD5-A2D6-2B96E066697D}.Release|Any CPU.ActiveCfg = Release|Any CPU
		{8ABC546F-AB18-4FD5-A2D6-2B96E066697D}.Release|Any CPU.Build.0 = Release|Any CPU
		{4231A309-12B4-4940-8BA5-DAE1F2F49D4A}.Debug|Any CPU.ActiveCfg = Debug|Any CPU
		{4231A309-12B4-4940-8BA5-DAE1F2F49D4A}.Debug|Any CPU.Build.0 = Debug|Any CPU
		{4231A309-12B4-4940-8BA5-DAE1F2F49D4A}.Release|Any CPU.ActiveCfg = Release|Any CPU
		{4231A309-12B4-4940-8BA5-DAE1F2F49D4A}.Release|Any CPU.Build.0 = Release|Any CPU
		{AEEEB338-AB61-4FD7-841B-2D8267B6AEE9}.Debug|Any CPU.ActiveCfg = Debug|Any CPU
		{AEEEB338-AB61-4FD7-841B-2D8267B6AEE9}.Debug|Any CPU.Build.0 = Debug|Any CPU
		{AEEEB338-AB61-4FD7-841B-2D8267B6AEE9}.Release|Any CPU.ActiveCfg = Release|Any CPU
		{AEEEB338-AB61-4FD7-841B-2D8267B6AEE9}.Release|Any CPU.Build.0 = Release|Any CPU
		{34416FF7-F48B-4D80-B567-5A6E7404498E}.Debug|Any CPU.ActiveCfg = Debug|Any CPU
		{34416FF7-F48B-4D80-B567-5A6E7404498E}.Debug|Any CPU.Build.0 = Debug|Any CPU
		{34416FF7-F48B-4D80-B567-5A6E7404498E}.Release|Any CPU.ActiveCfg = Release|Any CPU
		{34416FF7-F48B-4D80-B567-5A6E7404498E}.Release|Any CPU.Build.0 = Release|Any CPU
		{CF9BA695-E96B-4574-B671-DA73C5BFBAA5}.Debug|Any CPU.ActiveCfg = Debug|Any CPU
		{CF9BA695-E96B-4574-B671-DA73C5BFBAA5}.Debug|Any CPU.Build.0 = Debug|Any CPU
		{CF9BA695-E96B-4574-B671-DA73C5BFBAA5}.Release|Any CPU.ActiveCfg = Release|Any CPU
		{CF9BA695-E96B-4574-B671-DA73C5BFBAA5}.Release|Any CPU.Build.0 = Release|Any CPU
	EndGlobalSection
	GlobalSection(SolutionProperties) = preSolution
		HideSolutionNode = FALSE
	EndGlobalSection
	GlobalSection(NestedProjects) = preSolution
		{8ABC546F-AB18-4FD5-A2D6-2B96E066697D} = {C67D5C15-7D84-44D5-8AFA-E2809CED79A2}
		{4231A309-12B4-4940-8BA5-DAE1F2F49D4A} = {7FFB90A0-D3A5-40B5-8417-7DAC60480355}
		{34416FF7-F48B-4D80-B567-5A6E7404498E} = {13F9E20E-F7CA-4FDE-8A29-F5DBB7ECDC7C}
		{CF9BA695-E96B-4574-B671-DA73C5BFBAA5} = {D580777F-C5F7-45DE-A74A-ED87EE80C8A0}
	EndGlobalSection
	GlobalSection(ExtensibilityGlobals) = postSolution
		SolutionGuid = {FCA89F90-24B0-472B-B646-C16F64097224}
	EndGlobalSection
EndGlobal
